<?xml version="1.0" encoding="utf-8"?>
<Project ToolsVersion="4.0" xmlns="http://schemas.microsoft.com/developer/msbuild/2003">
  <ItemGroup>
    <Filter Include="源文件">
      <UniqueIdentifier>{4FC737F1-C7A5-4376-A066-2A32D752A2FF}</UniqueIdentifier>
      <Extensions>cpp;c;cc;cxx;def;odl;idl;hpj;bat;asm;asmx</Extensions>
    </Filter>
    <Filter Include="头文件">
      <UniqueIdentifier>{93995380-89BD-4b04-88EB-625FBE52EBFB}</UniqueIdentifier>
      <Extensions>h;hh;hpp;hxx;hm;inl;inc;xsd</Extensions>
    </Filter>
    <Filter Include="资源文件">
      <UniqueIdentifier>{67DA6AB6-F800-4c08-8B7A-83BB121AAD01}</UniqueIdentifier>
      <Extensions>rc;ico;cur;bmp;dlg;rc2;rct;bin;rgs;gif;jpg;jpeg;jpe;resx;tiff;tif;png;wav;mfcribbon-ms</Extensions>
    </Filter>
    <Filter Include="头文件\Utilities">
      <UniqueIdentifier>{edb37018-8e54-4994-b5e9-e4897c78bb51}</UniqueIdentifier>
    </Filter>
    <Filter Include="头文件\Core">
      <UniqueIdentifier>{afdd1725-0b97-49ca-a113-8d0dc2e129d5}</UniqueIdentifier>
    </Filter>
    <Filter Include="源文件\Examples">
      <UniqueIdentifier>{5aa1dcf5-4c15-49dd-8ac8-97dfefb60933}</UniqueIdentifier>
    </Filter>
    <Filter Include="源文件\Module">
      <UniqueIdentifier>{7e64395d-3310-47c0-9265-c79178fd2421}</UniqueIdentifier>
    </Filter>
    <Filter Include="头文件\PrimativeElements">
      <UniqueIdentifier>{ef24bf35-9369-4b8e-96ae-6a72ea8e91d9}</UniqueIdentifier>
    </Filter>
    <Filter Include="头文件\Collision">
      <UniqueIdentifier>{d1f3c077-bc2d-44f8-80b9-04e167f5783a}</UniqueIdentifier>
    </Filter>
    <Filter Include="头文件\Math">
      <UniqueIdentifier>{abcc95ee-e14d-4d60-b554-351b208f59b9}</UniqueIdentifier>
    </Filter>
  </ItemGroup>
  <ItemGroup>
    <ClInclude Include="Utilities\KCompileConfig.h">
      <Filter>头文件\Utilities</Filter>
    </ClInclude>
    <ClInclude Include="Core\KEngine.h">
      <Filter>头文件\Core</Filter>
    </ClInclude>
    <ClInclude Include="Core\KReferenceCounted.h">
      <Filter>头文件\Core</Filter>
    </ClInclude>
    <ClInclude Include="Core\KSceneManager.h">
      <Filter>头文件\Core</Filter>
    </ClInclude>
    <ClInclude Include="Core\KCursorManager.h">
      <Filter>头文件\Core</Filter>
    </ClInclude>
    <ClInclude Include="Core\Keikain.h">
      <Filter>头文件\Core</Filter>
    </ClInclude>
    <ClInclude Include="Core\KFileManager.h">
      <Filter>头文件\Core</Filter>
    </ClInclude>
    <ClInclude Include="Core\KRenderManager.h">
      <Filter>头文件\Core</Filter>
    </ClInclude>
    <ClInclude Include="Utilities\KTypes.h">
      <Filter>头文件\Utilities</Filter>
    </ClInclude>
    <ClInclude Include="Core\KTimer.h">
      <Filter>头文件\Core</Filter>
    </ClInclude>
    <ClInclude Include="Core\KRandomManager.h">
      <Filter>头文件\Core</Filter>
    </ClInclude>
    <ClInclude Include="Core\KScript.h">
      <Filter>头文件\Core</Filter>
    </ClInclude>
    <ClInclude Include="Core\KCreateEngineParameters.h">
      <Filter>头文件\Core</Filter>
    </ClInclude>
    <ClInclude Include="Utilities\KDriverType.h">
      <Filter>头文件\Utilities</Filter>
    </ClInclude>
    <ClInclude Include="PrimativeElements\Vector3d.h">
      <Filter>头文件\PrimativeElements</Filter>
    </ClInclude>
    <ClInclude Include="PrimativeElements\Vector2d.h">
      <Filter>头文件\PrimativeElements</Filter>
    </ClInclude>
    <ClInclude Include="PrimativeElements\Dimension2d.h">
      <Filter>头文件\PrimativeElements</Filter>
    </ClInclude>
    <ClInclude Include="PrimativeElements\Dimension3d.h">
      <Filter>头文件\PrimativeElements</Filter>
    </ClInclude>
    <ClInclude Include="PrimativeElements\Ray2d.h">
      <Filter>头文件\PrimativeElements</Filter>
    </ClInclude>
    <ClInclude Include="PrimativeElements\Ray3d.h">
      <Filter>头文件\PrimativeElements</Filter>
    </ClInclude>
    <ClInclude Include="Math\KMath.h">
      <Filter>头文件\Math</Filter>
    </ClInclude>
  </ItemGroup>
  <ItemGroup>
    <ClCompile Include="Examples\keikainTest.cpp">
      <Filter>源文件\Examples</Filter>
    </ClCompile>
  </ItemGroup>
</Project>